// !$*UTF8*$!
{
	archiveVersion = 1;
	classes = {
	};
	objectVersion = 50;
	objects = {

/* Begin PBXBuildFile section */
		A620DFC92881675D00E464E0 /* FrameworkAssets in Resources */ = {isa = PBXBuildFile; fileRef = A620DFC82881675D00E464E0 /* FrameworkAssets */; };
		A632DD9727248E050066CE6A /* Assets.xcassets in Resources */ = {isa = PBXBuildFile; fileRef = A632DD9627248E050066CE6A /* Assets.xcassets */; };
		A632DD9A27248E050066CE6A /* main.mm in Sources */ = {isa = PBXBuildFile; fileRef = A632DD9927248E050066CE6A /* main.mm */; };
		A632E46F272497C70066CE6A /* libFramework.a in Frameworks */ = {isa = PBXBuildFile; fileRef = A632DE1C2724938A0066CE6A /* libFramework.a */; };
		A632E476272497DD0066CE6A /* lib3rdPartyLibs.a in Frameworks */ = {isa = PBXBuildFile; fileRef = A632DE162724938A0066CE6A /* lib3rdPartyLibs.a */; };
		A632E477272497DD0066CE6A /* libGame.a in Frameworks */ = {isa = PBXBuildFile; fileRef = A632DE22272493AC0066CE6A /* libGame.a */; };
		A6926E2F273193A000C7268D /* Shaders.metal in Sources */ = {isa = PBXBuildFile; fileRef = A6926E2E273193A000C7268D /* Shaders.metal */; };
		A6926E3227319E3F00C7268D /* MetalKit.framework in Frameworks */ = {isa = PBXBuildFile; fileRef = A6926E3027319E3F00C7268D /* MetalKit.framework */; };
		A6926E3327319E3F00C7268D /* Metal.framework in Frameworks */ = {isa = PBXBuildFile; fileRef = A6926E3127319E3F00C7268D /* Metal.framework */; };
		A6926E3527319F7400C7268D /* UIKit.framework in Frameworks */ = {isa = PBXBuildFile; fileRef = A6926E3427319F7400C7268D /* UIKit.framework */; };
		A6A138A129631D11008BB789 /* libc++.1.tbd in Frameworks */ = {isa = PBXBuildFile; fileRef = A6A138A029631D11008BB789 /* libc++.1.tbd */; };
		A6D01CBE27380F2B0078E799 /* Launch Screen.storyboard in Resources */ = {isa = PBXBuildFile; fileRef = A6D01CBD27380F2B0078E799 /* Launch Screen.storyboard */; };
		A6FF263D2733B949004E2152 /* ProjectSettings.json in Resources */ = {isa = PBXBuildFile; fileRef = A6FF263C2733B949004E2152 /* ProjectSettings.json */; };
		A6FF26402733B993004E2152 /* Data in Resources */ = {isa = PBXBuildFile; fileRef = A6FF263E2733B993004E2152 /* Data */; };
		A6FF26412733B993004E2152 /* Data.json in Resources */ = {isa = PBXBuildFile; fileRef = A6FF263F2733B993004E2152 /* Data.json */; };
/* End PBXBuildFile section */

/* Begin PBXContainerItemProxy section */
		A632DE152724938A0066CE6A /* PBXContainerItemProxy */ = {
			isa = PBXContainerItemProxy;
			containerPortal = A632DE112724938A0066CE6A /* 3rdPartyLibs.xcodeproj */;
			proxyType = 2;
			remoteGlobalIDString = A632DDAE272491EB0066CE6A;
			remoteInfo = 3rdPartyLibs;
		};
		A632DE1B2724938A0066CE6A /* PBXContainerItemProxy */ = {
			isa = PBXContainerItemProxy;
			containerPortal = A632DE172724938A0066CE6A /* Framework.xcodeproj */;
			proxyType = 2;
			remoteGlobalIDString = A632DDC92724922A0066CE6A;
			remoteInfo = Framework;
		};
		A632DE21272493AC0066CE6A /* PBXContainerItemProxy */ = {
			isa = PBXContainerItemProxy;
			containerPortal = A632DE1D272493AC0066CE6A /* Game.xcodeproj */;
			proxyType = 2;
			remoteGlobalIDString = A632DDFF272492B80066CE6A;
			remoteInfo = Game;
		};
		A632E470272497D40066CE6A /* PBXContainerItemProxy */ = {
			isa = PBXContainerItemProxy;
			containerPortal = A632DE1D272493AC0066CE6A /* Game.xcodeproj */;
			proxyType = 1;
			remoteGlobalIDString = A651F15727244E1D00C59EF7;
			remoteInfo = Game;
		};
		A632E472272497D40066CE6A /* PBXContainerItemProxy */ = {
			isa = PBXContainerItemProxy;
			containerPortal = A632DE112724938A0066CE6A /* 3rdPartyLibs.xcodeproj */;
			proxyType = 1;
			remoteGlobalIDString = A6B2114F26E0E4970093D355;
			remoteInfo = 3rdPartyLibs;
		};
		A632E474272497D40066CE6A /* PBXContainerItemProxy */ = {
			isa = PBXContainerItemProxy;
			containerPortal = A632DE172724938A0066CE6A /* Framework.xcodeproj */;
			proxyType = 1;
			remoteGlobalIDString = A68E84ED26D5464400DD2240;
			remoteInfo = Framework;
		};
/* End PBXContainerItemProxy section */

/* Begin PBXFileReference section */
		A620DFC82881675D00E464E0 /* FrameworkAssets */ = {isa = PBXFileReference; lastKnownFileType = folder; name = FrameworkAssets; path = ../../BuiltAssets/iOS/FrameworkAssets; sourceTree = "<group>"; };
		A632DD8427248E010066CE6A /* PetStory.app */ = {isa = PBXFileReference; explicitFileType = wrapper.application; includeInIndex = 0; path = PetStory.app; sourceTree = BUILT_PRODUCTS_DIR; };
		A632DD9627248E050066CE6A /* Assets.xcassets */ = {isa = PBXFileReference; lastKnownFileType = folder.assetcatalog; path = Assets.xcassets; sourceTree = "<group>"; };
		A632DD9827248E050066CE6A /* Info.plist */ = {isa = PBXFileReference; lastKnownFileType = text.plist.xml; path = Info.plist; sourceTree = "<group>"; };
		A632DD9927248E050066CE6A /* main.mm */ = {isa = PBXFileReference; lastKnownFileType = sourcecode.cpp.objcpp; path = main.mm; sourceTree = "<group>"; };
		A632DE112724938A0066CE6A /* 3rdPartyLibs.xcodeproj */ = {isa = PBXFileReference; lastKnownFileType = "wrapper.pb-project"; name = 3rdPartyLibs.xcodeproj; path = ../../o2/Framework/Platforms/iOS/3rdPartyLibs.xcodeproj; sourceTree = "<group>"; };
		A632DE172724938A0066CE6A /* Framework.xcodeproj */ = {isa = PBXFileReference; lastKnownFileType = "wrapper.pb-project"; name = Framework.xcodeproj; path = ../../o2/Framework/Platforms/iOS/Framework.xcodeproj; sourceTree = "<group>"; };
		A632DE1D272493AC0066CE6A /* Game.xcodeproj */ = {isa = PBXFileReference; lastKnownFileType = "wrapper.pb-project"; path = Game.xcodeproj; sourceTree = "<group>"; };
		A6926E2E273193A000C7268D /* Shaders.metal */ = {isa = PBXFileReference; fileEncoding = 4; lastKnownFileType = sourcecode.metal; path = Shaders.metal; sourceTree = "<group>"; };
		A6926E3027319E3F00C7268D /* MetalKit.framework */ = {isa = PBXFileReference; lastKnownFileType = wrapper.framework; name = MetalKit.framework; path = System/Library/Frameworks/MetalKit.framework; sourceTree = SDKROOT; };
		A6926E3127319E3F00C7268D /* Metal.framework */ = {isa = PBXFileReference; lastKnownFileType = wrapper.framework; name = Metal.framework; path = System/Library/Frameworks/Metal.framework; sourceTree = SDKROOT; };
		A6926E3427319F7400C7268D /* UIKit.framework */ = {isa = PBXFileReference; lastKnownFileType = wrapper.framework; name = UIKit.framework; path = System/Library/Frameworks/UIKit.framework; sourceTree = SDKROOT; };
		A6A138A029631D11008BB789 /* libc++.1.tbd */ = {isa = PBXFileReference; lastKnownFileType = "sourcecode.text-based-dylib-definition"; name = "libc++.1.tbd"; path = "usr/lib/libc++.1.tbd"; sourceTree = SDKROOT; };
		A6D01CBD27380F2B0078E799 /* Launch Screen.storyboard */ = {isa = PBXFileReference; lastKnownFileType = file.storyboard; path = "Launch Screen.storyboard"; sourceTree = "<group>"; };
		A6FF263C2733B949004E2152 /* ProjectSettings.json */ = {isa = PBXFileReference; lastKnownFileType = text.json; name = ProjectSettings.json; path = ../../ProjectSettings.json; sourceTree = "<group>"; };
		A6FF263E2733B993004E2152 /* Data */ = {isa = PBXFileReference; lastKnownFileType = folder; name = Data; path = ../../BuiltAssets/iOS/Data; sourceTree = "<group>"; };
		A6FF263F2733B993004E2152 /* Data.json */ = {isa = PBXFileReference; lastKnownFileType = text.json; name = Data.json; path = ../../BuiltAssets/iOS/Data.json; sourceTree = "<group>"; };
/* End PBXFileReference section */

/* Begin PBXFrameworksBuildPhase section */
		A632DD8127248E010066CE6A /* Frameworks */ = {
			isa = PBXFrameworksBuildPhase;
			buildActionMask = 2147483647;
			files = (
				A6926E3527319F7400C7268D /* UIKit.framework in Frameworks */,
				A6926E3227319E3F00C7268D /* MetalKit.framework in Frameworks */,
				A6926E3327319E3F00C7268D /* Metal.framework in Frameworks */,
				A632E476272497DD0066CE6A /* lib3rdPartyLibs.a in Frameworks */,
				A632E477272497DD0066CE6A /* libGame.a in Frameworks */,
				A632E46F272497C70066CE6A /* libFramework.a in Frameworks */,
				A6A138A129631D11008BB789 /* libc++.1.tbd in Frameworks */,
			);
			runOnlyForDeploymentPostprocessing = 0;
		};
/* End PBXFrameworksBuildPhase section */

/* Begin PBXGroup section */
		A632DD7B27248E010066CE6A = {
			isa = PBXGroup;
			children = (
				A620DFC82881675D00E464E0 /* FrameworkAssets */,
				A6FF263E2733B993004E2152 /* Data */,
				A6FF263F2733B993004E2152 /* Data.json */,
				A6FF263C2733B949004E2152 /* ProjectSettings.json */,
				A632DE1D272493AC0066CE6A /* Game.xcodeproj */,
				A632DE112724938A0066CE6A /* 3rdPartyLibs.xcodeproj */,
				A632DE172724938A0066CE6A /* Framework.xcodeproj */,
				A632DD8627248E010066CE6A /* PetStory */,
				A632DD8527248E010066CE6A /* Products */,
				A632E46E272497C70066CE6A /* Frameworks */,
			);
			sourceTree = "<group>";
		};
		A632DD8527248E010066CE6A /* Products */ = {
			isa = PBXGroup;
			children = (
				A632DD8427248E010066CE6A /* PetStory.app */,
			);
			name = Products;
			sourceTree = "<group>";
		};
		A632DD8627248E010066CE6A /* PetStory */ = {
			isa = PBXGroup;
			children = (
				A6926E2E273193A000C7268D /* Shaders.metal */,
				A632DD9627248E050066CE6A /* Assets.xcassets */,
				A632DD9827248E050066CE6A /* Info.plist */,
				A632DD9927248E050066CE6A /* main.mm */,
				A6D01CBD27380F2B0078E799 /* Launch Screen.storyboard */,
			);
			path = PetStory;
			sourceTree = "<group>";
		};
		A632DE122724938A0066CE6A /* Products */ = {
			isa = PBXGroup;
			children = (
				A632DE162724938A0066CE6A /* lib3rdPartyLibs.a */,
			);
			name = Products;
			sourceTree = "<group>";
		};
		A632DE182724938A0066CE6A /* Products */ = {
			isa = PBXGroup;
			children = (
				A632DE1C2724938A0066CE6A /* libFramework.a */,
			);
			name = Products;
			sourceTree = "<group>";
		};
		A632DE1E272493AC0066CE6A /* Products */ = {
			isa = PBXGroup;
			children = (
				A632DE22272493AC0066CE6A /* libGame.a */,
			);
			name = Products;
			sourceTree = "<group>";
		};
		A632E46E272497C70066CE6A /* Frameworks */ = {
			isa = PBXGroup;
			children = (
				A6A138A029631D11008BB789 /* libc++.1.tbd */,
				A6926E3427319F7400C7268D /* UIKit.framework */,
				A6926E3127319E3F00C7268D /* Metal.framework */,
				A6926E3027319E3F00C7268D /* MetalKit.framework */,
			);
			name = Frameworks;
			sourceTree = "<group>";
		};
/* End PBXGroup section */

/* Begin PBXNativeTarget section */
		A632DD8327248E010066CE6A /* PetStory */ = {
			isa = PBXNativeTarget;
			buildConfigurationList = A632DD9D27248E050066CE6A /* Build configuration list for PBXNativeTarget "PetStory" */;
			buildPhases = (
				A632DD8027248E010066CE6A /* Sources */,
				A632DD8127248E010066CE6A /* Frameworks */,
				A632DD8227248E010066CE6A /* Resources */,
			);
			buildRules = (
			);
			dependencies = (
				A632E473272497D40066CE6A /* PBXTargetDependency */,
				A632E475272497D40066CE6A /* PBXTargetDependency */,
				A632E471272497D40066CE6A /* PBXTargetDependency */,
			);
			name = PetStory;
			productName = PetStory;
			productReference = A632DD8427248E010066CE6A /* PetStory.app */;
			productType = "com.apple.product-type.application";
		};
/* End PBXNativeTarget section */

/* Begin PBXProject section */
		A632DD7C27248E010066CE6A /* Project object */ = {
			isa = PBXProject;
			attributes = {
				LastUpgradeCheck = 1250;
				TargetAttributes = {
					A632DD8327248E010066CE6A = {
						CreatedOnToolsVersion = 12.5.1;
					};
				};
			};
			buildConfigurationList = A632DD7F27248E010066CE6A /* Build configuration list for PBXProject "PetStory" */;
			compatibilityVersion = "Xcode 9.3";
			developmentRegion = en;
			hasScannedForEncodings = 0;
			knownRegions = (
				en,
				Base,
			);
			mainGroup = A632DD7B27248E010066CE6A;
			productRefGroup = A632DD8527248E010066CE6A /* Products */;
			projectDirPath = "";
			projectReferences = (
				{
					ProductGroup = A632DE122724938A0066CE6A /* Products */;
					ProjectRef = A632DE112724938A0066CE6A /* 3rdPartyLibs.xcodeproj */;
				},
				{
					ProductGroup = A632DE182724938A0066CE6A /* Products */;
					ProjectRef = A632DE172724938A0066CE6A /* Framework.xcodeproj */;
				},
				{
					ProductGroup = A632DE1E272493AC0066CE6A /* Products */;
					ProjectRef = A632DE1D272493AC0066CE6A /* Game.xcodeproj */;
				},
			);
			projectRoot = "";
			targets = (
				A632DD8327248E010066CE6A /* PetStory */,
			);
		};
/* End PBXProject section */

/* Begin PBXReferenceProxy section */
		A632DE162724938A0066CE6A /* lib3rdPartyLibs.a */ = {
			isa = PBXReferenceProxy;
			fileType = archive.ar;
			path = lib3rdPartyLibs.a;
			remoteRef = A632DE152724938A0066CE6A /* PBXContainerItemProxy */;
			sourceTree = BUILT_PRODUCTS_DIR;
		};
		A632DE1C2724938A0066CE6A /* libFramework.a */ = {
			isa = PBXReferenceProxy;
			fileType = archive.ar;
			path = libFramework.a;
			remoteRef = A632DE1B2724938A0066CE6A /* PBXContainerItemProxy */;
			sourceTree = BUILT_PRODUCTS_DIR;
		};
		A632DE22272493AC0066CE6A /* libGame.a */ = {
			isa = PBXReferenceProxy;
			fileType = archive.ar;
			path = libGame.a;
			remoteRef = A632DE21272493AC0066CE6A /* PBXContainerItemProxy */;
			sourceTree = BUILT_PRODUCTS_DIR;
		};
/* End PBXReferenceProxy section */

/* Begin PBXResourcesBuildPhase section */
		A632DD8227248E010066CE6A /* Resources */ = {
			isa = PBXResourcesBuildPhase;
			buildActionMask = 2147483647;
			files = (
				A6FF26402733B993004E2152 /* Data in Resources */,
				A6FF26412733B993004E2152 /* Data.json in Resources */,
				A6FF263D2733B949004E2152 /* ProjectSettings.json in Resources */,
				A6D01CBE27380F2B0078E799 /* Launch Screen.storyboard in Resources */,
				A620DFC92881675D00E464E0 /* FrameworkAssets in Resources */,
				A632DD9727248E050066CE6A /* Assets.xcassets in Resources */,
			);
			runOnlyForDeploymentPostprocessing = 0;
		};
/* End PBXResourcesBuildPhase section */

/* Begin PBXSourcesBuildPhase section */
		A632DD8027248E010066CE6A /* Sources */ = {
			isa = PBXSourcesBuildPhase;
			buildActionMask = 2147483647;
			files = (
				A6926E2F273193A000C7268D /* Shaders.metal in Sources */,
				A632DD9A27248E050066CE6A /* main.mm in Sources */,
			);
			runOnlyForDeploymentPostprocessing = 0;
		};
/* End PBXSourcesBuildPhase section */

/* Begin PBXTargetDependency section */
		A632E471272497D40066CE6A /* PBXTargetDependency */ = {
			isa = PBXTargetDependency;
			name = Game;
			targetProxy = A632E470272497D40066CE6A /* PBXContainerItemProxy */;
		};
		A632E473272497D40066CE6A /* PBXTargetDependency */ = {
			isa = PBXTargetDependency;
			name = 3rdPartyLibs;
			targetProxy = A632E472272497D40066CE6A /* PBXContainerItemProxy */;
		};
		A632E475272497D40066CE6A /* PBXTargetDependency */ = {
			isa = PBXTargetDependency;
			name = Framework;
			targetProxy = A632E474272497D40066CE6A /* PBXContainerItemProxy */;
		};
/* End PBXTargetDependency section */

/* Begin XCBuildConfiguration section */
		A632DD9B27248E050066CE6A /* Debug */ = {
			isa = XCBuildConfiguration;
			buildSettings = {
				ALWAYS_SEARCH_USER_PATHS = NO;
				CLANG_ANALYZER_NONNULL = YES;
				CLANG_ANALYZER_NUMBER_OBJECT_CONVERSION = YES_AGGRESSIVE;
				CLANG_CXX_LANGUAGE_STANDARD = "c++20";
				CLANG_CXX_LIBRARY = "libc++";
				CLANG_ENABLE_MODULES = YES;
				CLANG_ENABLE_OBJC_ARC = YES;
				CLANG_ENABLE_OBJC_WEAK = YES;
				CLANG_WARN_BLOCK_CAPTURE_AUTORELEASING = YES;
				CLANG_WARN_BOOL_CONVERSION = YES;
				CLANG_WARN_COMMA = YES;
				CLANG_WARN_CONSTANT_CONVERSION = YES;
				CLANG_WARN_DEPRECATED_OBJC_IMPLEMENTATIONS = YES;
				CLANG_WARN_DIRECT_OBJC_ISA_USAGE = YES_ERROR;
				CLANG_WARN_DOCUMENTATION_COMMENTS = YES;
				CLANG_WARN_EMPTY_BODY = YES;
				CLANG_WARN_ENUM_CONVERSION = YES;
				CLANG_WARN_INFINITE_RECURSION = YES;
				CLANG_WARN_INT_CONVERSION = YES;
				CLANG_WARN_NON_LITERAL_NULL_CONVERSION = YES;
				CLANG_WARN_OBJC_IMPLICIT_RETAIN_SELF = YES;
				CLANG_WARN_OBJC_LITERAL_CONVERSION = YES;
				CLANG_WARN_OBJC_ROOT_CLASS = YES_ERROR;
				CLANG_WARN_QUOTED_INCLUDE_IN_FRAMEWORK_HEADER = YES;
				CLANG_WARN_RANGE_LOOP_ANALYSIS = YES;
				CLANG_WARN_STRICT_PROTOTYPES = YES;
				CLANG_WARN_SUSPICIOUS_MOVE = YES;
				CLANG_WARN_UNGUARDED_AVAILABILITY = YES_AGGRESSIVE;
				CLANG_WARN_UNREACHABLE_CODE = YES;
				CLANG_WARN__DUPLICATE_METHOD_MATCH = YES;
				CONFIGURATION_BUILD_DIR = /Users/playrix/PetStory/Bin/iOS;
				COPY_PHASE_STRIP = NO;
				DEBUG_INFORMATION_FORMAT = dwarf;
				ENABLE_STRICT_OBJC_MSGSEND = YES;
				ENABLE_TESTABILITY = YES;
				GCC_C_LANGUAGE_STANDARD = gnu11;
				GCC_DYNAMIC_NO_PIC = NO;
				GCC_NO_COMMON_BLOCKS = YES;
				GCC_OPTIMIZATION_LEVEL = 0;
				GCC_PREPROCESSOR_DEFINITIONS = (
					PLATFORM_IOS,
					"$(inherited)",
					SCRIPTING_BACKEND_JERRYSCRIPT,
				);
				GCC_WARN_64_TO_32_BIT_CONVERSION = YES;
				GCC_WARN_ABOUT_RETURN_TYPE = YES_ERROR;
				GCC_WARN_UNDECLARED_SELECTOR = YES;
				GCC_WARN_UNINITIALIZED_AUTOS = YES_AGGRESSIVE;
				GCC_WARN_UNUSED_FUNCTION = YES;
				GCC_WARN_UNUSED_VARIABLE = YES;
				IPHONEOS_DEPLOYMENT_TARGET = 14.5;
				MTL_ENABLE_DEBUG_INFO = INCLUDE_SOURCE;
				MTL_FAST_MATH = YES;
				ONLY_ACTIVE_ARCH = YES;
				OTHER_CPLUSPLUSFLAGS = (
					"$(OTHER_CFLAGS)",
					"-fdeclspec",
				);
				SDKROOT = iphoneos;
				SYSTEM_HEADER_SEARCH_PATHS = (
					/Users/playrix/PetStory/o2/Framework/Sources,
					/Users/playrix/PetStory/o2/Framework,
					/Users/playrix/PetStory/o2/Framework/3rdPartyLibs/FreeType/include,
					/Users/playrix/PetStory/o2/Framework/3rdPartyLibs,
					/Users/playrix/PetStory/o2/Framework/3rdPartyLibs/rapidjson/include,
				);
				USER_HEADER_SEARCH_PATHS = (
					/Users/playrix/PetStory/o2/Framework/Sources,
					/Users/playrix/PetStory/o2/Framework,
					/Users/playrix/PetStory/o2/Framework/3rdPartyLibs/FreeType/include,
					/Users/playrix/PetStory/o2/Framework/3rdPartyLibs,
					/Users/playrix/PetStory/o2/Framework/3rdPartyLibs/rapidjson/include,
					/Users/playrix/PetStory/Sources/Game,
				);
				WARNING_CFLAGS = "-Wno-undefined-var-template";
			};
			name = Debug;
		};
		A632DD9C27248E050066CE6A /* Release */ = {
			isa = XCBuildConfiguration;
			buildSettings = {
				ALWAYS_SEARCH_USER_PATHS = NO;
				CLANG_ANALYZER_NONNULL = YES;
				CLANG_ANALYZER_NUMBER_OBJECT_CONVERSION = YES_AGGRESSIVE;
				CLANG_CXX_LANGUAGE_STANDARD = "c++20";
				CLANG_CXX_LIBRARY = "libc++";
				CLANG_ENABLE_MODULES = YES;
				CLANG_ENABLE_OBJC_ARC = YES;
				CLANG_ENABLE_OBJC_WEAK = YES;
				CLANG_WARN_BLOCK_CAPTURE_AUTORELEASING = YES;
				CLANG_WARN_BOOL_CONVERSION = YES;
				CLANG_WARN_COMMA = YES;
				CLANG_WARN_CONSTANT_CONVERSION = YES;
				CLANG_WARN_DEPRECATED_OBJC_IMPLEMENTATIONS = YES;
				CLANG_WARN_DIRECT_OBJC_ISA_USAGE = YES_ERROR;
				CLANG_WARN_DOCUMENTATION_COMMENTS = YES;
				CLANG_WARN_EMPTY_BODY = YES;
				CLANG_WARN_ENUM_CONVERSION = YES;
				CLANG_WARN_INFINITE_RECURSION = YES;
				CLANG_WARN_INT_CONVERSION = YES;
				CLANG_WARN_NON_LITERAL_NULL_CONVERSION = YES;
				CLANG_WARN_OBJC_IMPLICIT_RETAIN_SELF = YES;
				CLANG_WARN_OBJC_LITERAL_CONVERSION = YES;
				CLANG_WARN_OBJC_ROOT_CLASS = YES_ERROR;
				CLANG_WARN_QUOTED_INCLUDE_IN_FRAMEWORK_HEADER = YES;
				CLANG_WARN_RANGE_LOOP_ANALYSIS = YES;
				CLANG_WARN_STRICT_PROTOTYPES = YES;
				CLANG_WARN_SUSPICIOUS_MOVE = YES;
				CLANG_WARN_UNGUARDED_AVAILABILITY = YES_AGGRESSIVE;
				CLANG_WARN_UNREACHABLE_CODE = YES;
				CLANG_WARN__DUPLICATE_METHOD_MATCH = YES;
				CONFIGURATION_BUILD_DIR = /Users/playrix/PetStory/Bin/iOS;
				COPY_PHASE_STRIP = NO;
				DEBUG_INFORMATION_FORMAT = "dwarf-with-dsym";
				ENABLE_NS_ASSERTIONS = NO;
				ENABLE_STRICT_OBJC_MSGSEND = YES;
				GCC_C_LANGUAGE_STANDARD = gnu11;
				GCC_NO_COMMON_BLOCKS = YES;
				GCC_PREPROCESSOR_DEFINITIONS = (
					PLATFORM_IOS,
					"$(inherited)",
					SCRIPTING_BACKEND_JERRYSCRIPT,
				);
				GCC_WARN_64_TO_32_BIT_CONVERSION = YES;
				GCC_WARN_ABOUT_RETURN_TYPE = YES_ERROR;
				GCC_WARN_UNDECLARED_SELECTOR = YES;
				GCC_WARN_UNINITIALIZED_AUTOS = YES_AGGRESSIVE;
				GCC_WARN_UNUSED_FUNCTION = YES;
				GCC_WARN_UNUSED_VARIABLE = YES;
				IPHONEOS_DEPLOYMENT_TARGET = 14.5;
				MTL_ENABLE_DEBUG_INFO = NO;
				MTL_FAST_MATH = YES;
				ONLY_ACTIVE_ARCH = YES;
				OTHER_CPLUSPLUSFLAGS = (
					"$(OTHER_CFLAGS)",
					"-fdeclspec",
				);
				SDKROOT = iphoneos;
				SYSTEM_HEADER_SEARCH_PATHS = (
					/Users/playrix/PetStory/o2/Framework/Sources,
					/Users/playrix/PetStory/o2/Framework,
					/Users/playrix/PetStory/o2/Framework/3rdPartyLibs/FreeType/include,
					/Users/playrix/PetStory/o2/Framework/3rdPartyLibs,
					/Users/playrix/PetStory/o2/Framework/3rdPartyLibs/rapidjson/include,
				);
				USER_HEADER_SEARCH_PATHS = (
					/Users/playrix/PetStory/o2/Framework/Sources,
					/Users/playrix/PetStory/o2/Framework,
					/Users/playrix/PetStory/o2/Framework/3rdPartyLibs/FreeType/include,
					/Users/playrix/PetStory/o2/Framework/3rdPartyLibs,
					/Users/playrix/PetStory/o2/Framework/3rdPartyLibs/rapidjson/include,
					/Users/playrix/PetStory/Sources/Game,
				);
				VALIDATE_PRODUCT = YES;
				WARNING_CFLAGS = "-Wno-undefined-var-template";
			};
			name = Release;
		};
		A632DD9E27248E050066CE6A /* Debug */ = {
			isa = XCBuildConfiguration;
			buildSettings = {
				ASSETCATALOG_COMPILER_APPICON_NAME = AppIcon;
				ASSETCATALOG_COMPILER_GLOBAL_ACCENT_COLOR_NAME = AccentColor;
				CODE_SIGN_STYLE = Automatic;
				DEVELOPMENT_TEAM = K48QWFFT79;
				INFOPLIST_FILE = PetStory/Info.plist;
				IPHONEOS_DEPLOYMENT_TARGET = 9.0;
				LD_RUNPATH_SEARCH_PATHS = (
					"$(inherited)",
					"@executable_path/Frameworks",
				);
				MTL_HEADER_SEARCH_PATHS = "/Users/playrix/PetStory/o2/Framework/Sources /Users/playrix/PetStory/o2/Framework /Users/playrix/PetStory/o2/Framework/3rdPartyLibs/FreeType/include /Users/playrix/PetStory/o2/Framework/3rdPartyLibs /Users/playrix/PetStory/o2/Framework/3rdPartyLibs/rapidjson/include /Users/playrix/PetStory/o2/Editor/Sources";
				OTHER_LDFLAGS = "-all_load";
				PRODUCT_BUNDLE_IDENTIFIER = o2.PetStory2;
				PRODUCT_NAME = "$(TARGET_NAME)";
				TARGETED_DEVICE_FAMILY = "1,2";
			};
			name = Debug;
		};
		A632DD9F27248E050066CE6A /* Release */ = {
			isa = XCBuildConfiguration;
			buildSettings = {
				ASSETCATALOG_COMPILER_APPICON_NAME = AppIcon;
				ASSETCATALOG_COMPILER_GLOBAL_ACCENT_COLOR_NAME = AccentColor;
				CODE_SIGN_STYLE = Automatic;
				DEVELOPMENT_TEAM = K48QWFFT79;
				INFOPLIST_FILE = PetStory/Info.plist;
				IPHONEOS_DEPLOYMENT_TARGET = 9.0;
				LD_RUNPATH_SEARCH_PATHS = (
					"$(inherited)",
					"@executable_path/Frameworks",
				);
				MTL_HEADER_SEARCH_PATHS = "/Users/playrix/PetStory/o2/Framework/Sources /Users/playrix/PetStory/o2/Framework /Users/playrix/PetStory/o2/Framework/3rdPartyLibs/FreeType/include /Users/playrix/PetStory/o2/Framework/3rdPartyLibs /Users/playrix/PetStory/o2/Framework/3rdPartyLibs/rapidjson/include /Users/playrix/PetStory/o2/Editor/Sources";
				OTHER_LDFLAGS = "-all_load";
				PRODUCT_BUNDLE_IDENTIFIER = o2.PetStory2;
				PRODUCT_NAME = "$(TARGET_NAME)";
				TARGETED_DEVICE_FAMILY = "1,2";
			};
			name = Release;
		};
/* End XCBuildConfiguration section */

/* Begin XCConfigurationList section */
		A632DD7F27248E010066CE6A /* Build configuration list for PBXProject "PetStory" */ = {
			isa = XCConfigurationList;
			buildConfigurations = (
				A632DD9B27248E050066CE6A /* Debug */,
				A632DD9C27248E050066CE6A /* Release */,
			);
			defaultConfigurationIsVisible = 0;
			defaultConfigurationName = Release;
		};
		A632DD9D27248E050066CE6A /* Build configuration list for PBXNativeTarget "PetStory" */ = {
			isa = XCConfigurationList;
			buildConfigurations = (
				A632DD9E27248E050066CE6A /* Debug */,
				A632DD9F27248E050066CE6A /* Release */,
			);
			defaultConfigurationIsVisible = 0;
			defaultConfigurationName = Release;
		};
/* End XCConfigurationList section */
	};
	rootObject = A632DD7C27248E010066CE6A /* Project object */;
}
