<?xml version="1.0"?>
<Project ToolsVersion="4.0" xmlns="http://schemas.microsoft.com/developer/msbuild/2003">
	<ItemGroup>
		<Filter Include="Sources">
			<UniqueIdentifier>{fde252b3-9498-42de-afc7-b65d8157b3bd}</UniqueIdentifier>
		</Filter>
		<Filter Include="Sources\Editor" />
	</ItemGroup>
	<ItemGroup>
		<ClInclude Include="..\..\Sources\Editor\Test.h">
			<Filter>Sources\Editor</Filter>
		</ClInclude>
	</ItemGroup>
	<ItemGroup>
		<ClCompile Include="..\..\Sources\Editor\Test.cpp">
			<Filter>Sources\Editor</Filter>
		</ClCompile>
	</ItemGroup>
</Project>
