<?xml version="1.0" encoding="utf-8"?>
<Project ToolsVersion="4.0" xmlns="http://schemas.microsoft.com/developer/msbuild/2003">
  <ItemGroup>
    <Filter Include="Sources\Game" />
    <Filter Include="Sources" />
  </ItemGroup>
  <ItemGroup>
    <ClInclude Include="..\..\Sources\Game\GameApplication.h">
      <Filter>Sources\Game</Filter>
    </ClInclude>
    <ClInclude Include="..\..\Sources\Game\ChipsSpawner.h">
      <Filter>Sources\Game</Filter>
    </ClInclude>
    <ClInclude Include="..\..\Sources\Game\Chip.h">
      <Filter>Sources\Game</Filter>
    </ClInclude>
  </ItemGroup>
  <ItemGroup>
    <ClCompile Include="..\..\Sources\Game\GameApplication.cpp">
      <Filter>Sources\Game</Filter>
    </ClCompile>
    <ClCompile Include="..\..\Sources\Game\ChipsSpawner.cpp">
      <Filter>Sources\Game</Filter>
    </ClCompile>
    <ClCompile Include="..\..\Sources\Game\Chip.cpp">
      <Filter>Sources\Game</Filter>
    </ClCompile>
  </ItemGroup>
</Project>