
Microsoft Visual Studio Solution File, Format Version 12.00
# Visual Studio 15
VisualStudioVersion = 15.0.28307.572
MinimumVisualStudioVersion = 10.0.40219.1
Project("{8BC9CEB8-8B4A-11D0-8D11-00A0C91BC942}") = "GameLib", "GameLib.vcxproj", "{F0C3F9F6-349D-4D58-9175-0AE646039318}"
	ProjectSection(ProjectDependencies) = postProject
		{ED115911-D293-41D3-A9EC-AF7F2613A1CF} = {ED115911-D293-41D3-A9EC-AF7F2613A1CF}
		{69E3A44A-2755-4CC4-9697-4F43876C1BC0} = {69E3A44A-2755-4CC4-9697-4F43876C1BC0}
	EndProjectSection
EndProject
Project("{8BC9CEB8-8B4A-11D0-8D11-00A0C91BC942}") = "GameEditorLib", "GameEditorLib.vcxproj", "{6486214E-233F-49D5-B2F3-9944E23E51A8}"
	ProjectSection(ProjectDependencies) = postProject
		{ED115911-D293-41D3-A9EC-AF7F2613A1CF} = {ED115911-D293-41D3-A9EC-AF7F2613A1CF}
		{69E3A44A-2755-4CC4-9697-4F43876C1BC0} = {69E3A44A-2755-4CC4-9697-4F43876C1BC0}
		{B8629B91-422C-4541-9E06-6013F5C99E66} = {B8629B91-422C-4541-9E06-6013F5C99E66}
		{F0C3F9F6-349D-4D58-9175-0AE646039318} = {F0C3F9F6-349D-4D58-9175-0AE646039318}
	EndProjectSection
EndProject
Project("{8BC9CEB8-8B4A-11D0-8D11-00A0C91BC942}") = "FrameworkLib", "..\..\o2\Framework\Platforms\Windows\Framework.vcxproj", "{ED115911-D293-41D3-A9EC-AF7F2613A1CF}"
	ProjectSection(ProjectDependencies) = postProject
		{69E3A44A-2755-4CC4-9697-4F43876C1BC0} = {69E3A44A-2755-4CC4-9697-4F43876C1BC0}
	EndProjectSection
EndProject
Project("{8BC9CEB8-8B4A-11D0-8D11-00A0C91BC942}") = "EditorLib", "..\..\o2\Editor\Platforms\Windows\Editor.vcxproj", "{B8629B91-422C-4541-9E06-6013F5C99E66}"
	ProjectSection(ProjectDependencies) = postProject
		{ED115911-D293-41D3-A9EC-AF7F2613A1CF} = {ED115911-D293-41D3-A9EC-AF7F2613A1CF}
		{69E3A44A-2755-4CC4-9697-4F43876C1BC0} = {69E3A44A-2755-4CC4-9697-4F43876C1BC0}
	EndProjectSection
EndProject
Project("{8BC9CEB8-8B4A-11D0-8D11-00A0C91BC942}") = "App", "App.vcxproj", "{27D87FBB-A62A-4824-8938-639D469D221E}"
	ProjectSection(ProjectDependencies) = postProject
		{ED115911-D293-41D3-A9EC-AF7F2613A1CF} = {ED115911-D293-41D3-A9EC-AF7F2613A1CF}
		{69E3A44A-2755-4CC4-9697-4F43876C1BC0} = {69E3A44A-2755-4CC4-9697-4F43876C1BC0}
		{F0C3F9F6-349D-4D58-9175-0AE646039318} = {F0C3F9F6-349D-4D58-9175-0AE646039318}
	EndProjectSection
EndProject
Project("{8BC9CEB8-8B4A-11D0-8D11-00A0C91BC942}") = "EditorApp", "EditorApp.vcxproj", "{E809F616-EE9D-432A-BE52-FAE19B7E6382}"
	ProjectSection(ProjectDependencies) = postProject
		{ED115911-D293-41D3-A9EC-AF7F2613A1CF} = {ED115911-D293-41D3-A9EC-AF7F2613A1CF}
		{69E3A44A-2755-4CC4-9697-4F43876C1BC0} = {69E3A44A-2755-4CC4-9697-4F43876C1BC0}
		{6486214E-233F-49D5-B2F3-9944E23E51A8} = {6486214E-233F-49D5-B2F3-9944E23E51A8}
		{B8629B91-422C-4541-9E06-6013F5C99E66} = {B8629B91-422C-4541-9E06-6013F5C99E66}
		{F0C3F9F6-349D-4D58-9175-0AE646039318} = {F0C3F9F6-349D-4D58-9175-0AE646039318}
	EndProjectSection
EndProject
Project("{8BC9CEB8-8B4A-11D0-8D11-00A0C91BC942}") = "3rdPartyLibs", "..\..\o2\Framework\Platforms\Windows\3rdPartyLibs.vcxproj", "{69E3A44A-2755-4CC4-9697-4F43876C1BC0}"
EndProject
Project("{2150E333-8FDC-42A3-9474-1A3956D46DE8}") = "o2", "o2", "{3EBC18BC-6B84-47DE-8503-AEED17A3554D}"
EndProject
Project("{2150E333-8FDC-42A3-9474-1A3956D46DE8}") = "Game", "Game", "{1B56D1A4-8386-4E19-8A39-18E051659799}"
EndProject
Project("{2150E333-8FDC-42A3-9474-1A3956D46DE8}") = "Tools", "Tools", "{D3D53F5A-53CB-45B6-B297-C57FA1304241}"
EndProject
Project("{8BC9CEB8-8B4A-11D0-8D11-00A0C91BC942}") = "CodeTool", "..\..\o2\CodeTool\CodeTool.vcxproj", "{A370A2D7-777D-4DDB-A5DD-9882D1C5A2B8}"
EndProject
Global
	GlobalSection(SolutionConfigurationPlatforms) = preSolution
		Debug|x64 = Debug|x64
		Debug|x86 = Debug|x86
		FastDebug|x64 = FastDebug|x64
		FastDebug|x86 = FastDebug|x86
		Release|x64 = Release|x64
		Release|x86 = Release|x86
	EndGlobalSection
	GlobalSection(ProjectConfigurationPlatforms) = postSolution
		{F0C3F9F6-349D-4D58-9175-0AE646039318}.Debug|x64.ActiveCfg = Debug|x64
		{F0C3F9F6-349D-4D58-9175-0AE646039318}.Debug|x64.Build.0 = Debug|x64
		{F0C3F9F6-349D-4D58-9175-0AE646039318}.Debug|x86.ActiveCfg = Debug|x64
		{F0C3F9F6-349D-4D58-9175-0AE646039318}.FastDebug|x64.ActiveCfg = FastDebug|x64
		{F0C3F9F6-349D-4D58-9175-0AE646039318}.FastDebug|x64.Build.0 = FastDebug|x64
		{F0C3F9F6-349D-4D58-9175-0AE646039318}.FastDebug|x86.ActiveCfg = FastDebug|x64
		{F0C3F9F6-349D-4D58-9175-0AE646039318}.Release|x64.ActiveCfg = Release|x64
		{F0C3F9F6-349D-4D58-9175-0AE646039318}.Release|x64.Build.0 = Release|x64
		{F0C3F9F6-349D-4D58-9175-0AE646039318}.Release|x86.ActiveCfg = Release|x64
		{6486214E-233F-49D5-B2F3-9944E23E51A8}.Debug|x64.ActiveCfg = Debug|x64
		{6486214E-233F-49D5-B2F3-9944E23E51A8}.Debug|x64.Build.0 = Debug|x64
		{6486214E-233F-49D5-B2F3-9944E23E51A8}.Debug|x86.ActiveCfg = Debug|x64
		{6486214E-233F-49D5-B2F3-9944E23E51A8}.FastDebug|x64.ActiveCfg = FastDebug|x64
		{6486214E-233F-49D5-B2F3-9944E23E51A8}.FastDebug|x64.Build.0 = FastDebug|x64
		{6486214E-233F-49D5-B2F3-9944E23E51A8}.FastDebug|x86.ActiveCfg = FastDebug|x64
		{6486214E-233F-49D5-B2F3-9944E23E51A8}.Release|x64.ActiveCfg = Release|x64
		{6486214E-233F-49D5-B2F3-9944E23E51A8}.Release|x64.Build.0 = Release|x64
		{6486214E-233F-49D5-B2F3-9944E23E51A8}.Release|x86.ActiveCfg = Release|x64
		{ED115911-D293-41D3-A9EC-AF7F2613A1CF}.Debug|x64.ActiveCfg = Debug|x64
		{ED115911-D293-41D3-A9EC-AF7F2613A1CF}.Debug|x64.Build.0 = Debug|x64
		{ED115911-D293-41D3-A9EC-AF7F2613A1CF}.Debug|x86.ActiveCfg = Debug|x64
		{ED115911-D293-41D3-A9EC-AF7F2613A1CF}.FastDebug|x64.ActiveCfg = FastDebug|x64
		{ED115911-D293-41D3-A9EC-AF7F2613A1CF}.FastDebug|x64.Build.0 = FastDebug|x64
		{ED115911-D293-41D3-A9EC-AF7F2613A1CF}.FastDebug|x86.ActiveCfg = FastDebug|x64
		{ED115911-D293-41D3-A9EC-AF7F2613A1CF}.Release|x64.ActiveCfg = Release|x64
		{ED115911-D293-41D3-A9EC-AF7F2613A1CF}.Release|x64.Build.0 = Release|x64
		{ED115911-D293-41D3-A9EC-AF7F2613A1CF}.Release|x86.ActiveCfg = Release|x64
		{B8629B91-422C-4541-9E06-6013F5C99E66}.Debug|x64.ActiveCfg = Debug|x64
		{B8629B91-422C-4541-9E06-6013F5C99E66}.Debug|x64.Build.0 = Debug|x64
		{B8629B91-422C-4541-9E06-6013F5C99E66}.Debug|x86.ActiveCfg = Debug|Win32
		{B8629B91-422C-4541-9E06-6013F5C99E66}.Debug|x86.Build.0 = Debug|Win32
		{B8629B91-422C-4541-9E06-6013F5C99E66}.FastDebug|x64.ActiveCfg = FastDebug|x64
		{B8629B91-422C-4541-9E06-6013F5C99E66}.FastDebug|x64.Build.0 = FastDebug|x64
		{B8629B91-422C-4541-9E06-6013F5C99E66}.FastDebug|x86.ActiveCfg = FastDebug|Win32
		{B8629B91-422C-4541-9E06-6013F5C99E66}.FastDebug|x86.Build.0 = FastDebug|Win32
		{B8629B91-422C-4541-9E06-6013F5C99E66}.Release|x64.ActiveCfg = Release|x64
		{B8629B91-422C-4541-9E06-6013F5C99E66}.Release|x64.Build.0 = Release|x64
		{B8629B91-422C-4541-9E06-6013F5C99E66}.Release|x86.ActiveCfg = Release|Win32
		{B8629B91-422C-4541-9E06-6013F5C99E66}.Release|x86.Build.0 = Release|Win32
		{27D87FBB-A62A-4824-8938-639D469D221E}.Debug|x64.ActiveCfg = Debug|x64
		{27D87FBB-A62A-4824-8938-639D469D221E}.Debug|x64.Build.0 = Debug|x64
		{27D87FBB-A62A-4824-8938-639D469D221E}.Debug|x86.ActiveCfg = Debug|x64
		{27D87FBB-A62A-4824-8938-639D469D221E}.FastDebug|x64.ActiveCfg = FastDebug|x64
		{27D87FBB-A62A-4824-8938-639D469D221E}.FastDebug|x64.Build.0 = FastDebug|x64
		{27D87FBB-A62A-4824-8938-639D469D221E}.FastDebug|x86.ActiveCfg = FastDebug|x64
		{27D87FBB-A62A-4824-8938-639D469D221E}.Release|x64.ActiveCfg = Release|x64
		{27D87FBB-A62A-4824-8938-639D469D221E}.Release|x64.Build.0 = Release|x64
		{27D87FBB-A62A-4824-8938-639D469D221E}.Release|x86.ActiveCfg = Release|x64
		{E809F616-EE9D-432A-BE52-FAE19B7E6382}.Debug|x64.ActiveCfg = Debug|x64
		{E809F616-EE9D-432A-BE52-FAE19B7E6382}.Debug|x64.Build.0 = Debug|x64
		{E809F616-EE9D-432A-BE52-FAE19B7E6382}.Debug|x86.ActiveCfg = Debug|x64
		{E809F616-EE9D-432A-BE52-FAE19B7E6382}.FastDebug|x64.ActiveCfg = FastDebug|x64
		{E809F616-EE9D-432A-BE52-FAE19B7E6382}.FastDebug|x64.Build.0 = FastDebug|x64
		{E809F616-EE9D-432A-BE52-FAE19B7E6382}.FastDebug|x86.ActiveCfg = FastDebug|x64
		{E809F616-EE9D-432A-BE52-FAE19B7E6382}.Release|x64.ActiveCfg = Release|x64
		{E809F616-EE9D-432A-BE52-FAE19B7E6382}.Release|x64.Build.0 = Release|x64
		{E809F616-EE9D-432A-BE52-FAE19B7E6382}.Release|x86.ActiveCfg = Release|x64
		{69E3A44A-2755-4CC4-9697-4F43876C1BC0}.Debug|x64.ActiveCfg = Debug|x64
		{69E3A44A-2755-4CC4-9697-4F43876C1BC0}.Debug|x64.Build.0 = Debug|x64
		{69E3A44A-2755-4CC4-9697-4F43876C1BC0}.Debug|x86.ActiveCfg = Debug|Win32
		{69E3A44A-2755-4CC4-9697-4F43876C1BC0}.Debug|x86.Build.0 = Debug|Win32
		{69E3A44A-2755-4CC4-9697-4F43876C1BC0}.FastDebug|x64.ActiveCfg = FastDebug|x64
		{69E3A44A-2755-4CC4-9697-4F43876C1BC0}.FastDebug|x64.Build.0 = FastDebug|x64
		{69E3A44A-2755-4CC4-9697-4F43876C1BC0}.FastDebug|x86.ActiveCfg = FastDebug|Win32
		{69E3A44A-2755-4CC4-9697-4F43876C1BC0}.FastDebug|x86.Build.0 = FastDebug|Win32
		{69E3A44A-2755-4CC4-9697-4F43876C1BC0}.Release|x64.ActiveCfg = Release|x64
		{69E3A44A-2755-4CC4-9697-4F43876C1BC0}.Release|x64.Build.0 = Release|x64
		{69E3A44A-2755-4CC4-9697-4F43876C1BC0}.Release|x86.ActiveCfg = Release|Win32
		{69E3A44A-2755-4CC4-9697-4F43876C1BC0}.Release|x86.Build.0 = Release|Win32
		{A370A2D7-777D-4DDB-A5DD-9882D1C5A2B8}.Debug|x64.ActiveCfg = Debug|x64
		{A370A2D7-777D-4DDB-A5DD-9882D1C5A2B8}.Debug|x64.Build.0 = Debug|x64
		{A370A2D7-777D-4DDB-A5DD-9882D1C5A2B8}.Debug|x86.ActiveCfg = Debug|Win32
		{A370A2D7-777D-4DDB-A5DD-9882D1C5A2B8}.Debug|x86.Build.0 = Debug|Win32
		{A370A2D7-777D-4DDB-A5DD-9882D1C5A2B8}.FastDebug|x64.ActiveCfg = Debug|x64
		{A370A2D7-777D-4DDB-A5DD-9882D1C5A2B8}.FastDebug|x64.Build.0 = Debug|x64
		{A370A2D7-777D-4DDB-A5DD-9882D1C5A2B8}.FastDebug|x86.ActiveCfg = Debug|Win32
		{A370A2D7-777D-4DDB-A5DD-9882D1C5A2B8}.FastDebug|x86.Build.0 = Debug|Win32
		{A370A2D7-777D-4DDB-A5DD-9882D1C5A2B8}.Release|x64.ActiveCfg = Release|x64
		{A370A2D7-777D-4DDB-A5DD-9882D1C5A2B8}.Release|x64.Build.0 = Release|x64
		{A370A2D7-777D-4DDB-A5DD-9882D1C5A2B8}.Release|x86.ActiveCfg = Release|Win32
		{A370A2D7-777D-4DDB-A5DD-9882D1C5A2B8}.Release|x86.Build.0 = Release|Win32
	EndGlobalSection
	GlobalSection(SolutionProperties) = preSolution
		HideSolutionNode = FALSE
	EndGlobalSection
	GlobalSection(NestedProjects) = preSolution
		{F0C3F9F6-349D-4D58-9175-0AE646039318} = {1B56D1A4-8386-4E19-8A39-18E051659799}
		{6486214E-233F-49D5-B2F3-9944E23E51A8} = {1B56D1A4-8386-4E19-8A39-18E051659799}
		{ED115911-D293-41D3-A9EC-AF7F2613A1CF} = {3EBC18BC-6B84-47DE-8503-AEED17A3554D}
		{B8629B91-422C-4541-9E06-6013F5C99E66} = {3EBC18BC-6B84-47DE-8503-AEED17A3554D}
		{69E3A44A-2755-4CC4-9697-4F43876C1BC0} = {3EBC18BC-6B84-47DE-8503-AEED17A3554D}
		{A370A2D7-777D-4DDB-A5DD-9882D1C5A2B8} = {D3D53F5A-53CB-45B6-B297-C57FA1304241}
	EndGlobalSection
	GlobalSection(ExtensibilityGlobals) = postSolution
		SolutionGuid = {70B0D175-379E-443B-B536-A6A41AE98BCD}
	EndGlobalSection
EndGlobal
